
Microsoft Visual Studio Solution File, Format Version 12.00
# Visual Studio 15
VisualStudioVersion = 15.0.28307.421
MinimumVisualStudioVersion = 10.0.40219.1
Project("{FAE04EC0-301F-11D3-BF4B-00C04F79EFBC}") = "GXClient", "GXClient\GXClient.csproj", "{B61F706A-9AFA-4DEC-BC4A-4C44874901CD}"
EndProject
Project("{9A19103F-16F7-4668-BE54-9A1E7A4F7556}") = "GXClient.Test", "GXClient.Test\GXClient.Test.csproj", "{C731E05B-04C9-4C95-8840-18E7178B76D5}"
EndProject
Global
	GlobalSection(SolutionConfigurationPlatforms) = preSolution
		Debug|Any CPU = Debug|Any CPU
		Release|Any CPU = Release|Any CPU
	EndGlobalSection
	GlobalSection(ProjectConfigurationPlatforms) = postSolution
		{B61F706A-9AFA-4DEC-BC4A-4C44874901CD}.Debug|Any CPU.ActiveCfg = Debug|Any CPU
		{B61F706A-9AFA-4DEC-BC4A-4C44874901CD}.Debug|Any CPU.Build.0 = Debug|Any CPU
		{B61F706A-9AFA-4DEC-BC4A-4C44874901CD}.Release|Any CPU.ActiveCfg = Release|Any CPU
		{B61F706A-9AFA-4DEC-BC4A-4C44874901CD}.Release|Any CPU.Build.0 = Release|Any CPU
		{C731E05B-04C9-4C95-8840-18E7178B76D5}.Debug|Any CPU.ActiveCfg = Debug|Any CPU
		{C731E05B-04C9-4C95-8840-18E7178B76D5}.Debug|Any CPU.Build.0 = Debug|Any CPU
		{C731E05B-04C9-4C95-8840-18E7178B76D5}.Release|Any CPU.ActiveCfg = Release|Any CPU
		{C731E05B-04C9-4C95-8840-18E7178B76D5}.Release|Any CPU.Build.0 = Release|Any CPU
	EndGlobalSection
	GlobalSection(SolutionProperties) = preSolution
		HideSolutionNode = FALSE
	EndGlobalSection
	GlobalSection(ExtensibilityGlobals) = postSolution
		SolutionGuid = {FF8C51F1-735A-4474-A6E1-7FDB0F3210AD}
	EndGlobalSection
	GlobalSection(MonoDevelopProperties) = preSolution
		Policies = $0
		$0.DotNetNamingPolicy = $1
		$1.DirectoryNamespaceAssociation = PrefixedHierarchical
		$0.TextStylePolicy = $2
		$2.inheritsSet = null
		$2.scope = text/x-csharp
		$0.CSharpFormattingPolicy = $3
		$3.scope = text/x-csharp
		$0.TextStylePolicy = $4
		$4.FileWidth = 80
		$4.TabsToSpaces = True
		$4.scope = text/plain
		$0.VersionControlPolicy = $5
		$0.StandardHeader = $6
		version = 1.5
	EndGlobalSection
EndGlobal
